github.com/cenk/hub v1.0.0 h1:oc6XoRZa09H06bpQFH6T4XkLzeUkUbyFiIAQkIpFXlA=
github.com/cenk/hub v1.0.0/go.mod h1:rJM1LNAW0ppT8FMMuPK6c2NP/R2nH/UthtuRySSaf6Y=
github.com/cenkalti/hub v0.0.0-20160527103212-11382a9960d3 h1:Q//UW48MUsv/GT4SZWdFbyBVKH1kAFkf+SnxZuy3Q30=
github.com/cenkalti/hub v0.0.0-20160527103212-11382a9960d3/go.mod h1:tcYwtS3a2d9NO/0xDXVJWx3IedurUjYCqFCmpi0lpHs=
github.com/cenkalti/rpc2 v0.0.0-20170726070524-c51a77e5f664 h1:GqbYbGcGyW6AwuNC+2VbhAePSnKvMhEgHB7Kot9weJU=
github.com/cenkalti/rpc2 v0.0.0-20170726070524-c51a77e5f664/go.mod h1:v2npkhrXyk5BCnkNIiPdRI23Uq6uWPUQGL2hnRcRr/M=
github.com/cenkalti/rpc2 v0.0.0-20180727162946-9642ea02d0aa h1:t+iWhuJE2aropY4uxKMVbyP+IJ29o422f7YAd73aTjg=
github.com/cenkalti/rpc2 v0.0.0-20180727162946-9642ea02d0aa/go.mod h1:v2npkhrXyk5BCnkNIiPdRI23Uq6uWPUQGL2hnRcRr/M=
github.com/davecgh/go-spew v1.1.1 h1:vj9j/u1bqnvCEfJOwUhtlOARqs3+rkHYY13jYWTU97c=
github.com/davecgh/go-spew v1.1.1/go.mod h1:J7Y8YcW2NihsgmVo/mv3lAwl/skON4iLHjSsI+c5H38=
github.com/ebay/go-ovn v0.1.0 h1:IxmpGJsp0SrsBrabCUCV1/xbQRNGUR5LeRbgkDcpIAs=
github.com/google/uuid v1.1.1 h1:Gkbcsh/GbpXz7lPftLA3P6TYMwjCLYm83jiFQZF/3gY=
github.com/google/uuid v1.1.1/go.mod h1:TIyPZe4MgqvfeYDBFedMoGGpEw/LqOeaOT+nhxU+yHo=
github.com/pmezard/go-difflib v1.0.0 h1:4DBwDE0NGyQoBHbLQYPwSUPoCMWR5BEzIk/f1lZbAQM=
github.com/pmezard/go-difflib v1.0.0/go.mod h1:iKH77koFhYxTK1pcRnkKkqfTogsbg7gZNVY4sRDYZ/4=
github.com/socketplane/libovsdb v0.0.0-20170116174820-4de3618546de h1:GnHDjFfrcP4f24x+pc+3xjoJt2R87Of+gW869rS1S4o=
github.com/socketplane/libovsdb v0.0.0-20170116174820-4de3618546de/go.mod h1:wIN7DIpadYHC4aX3+I8xH72uWy71dw3YpTiHvQh3yHg=
github.com/stretchr/testify v0.0.0-20171231124224-87b1dfb5b2fa h1:ws/U/9eA/uVBX3BckIHVlYLtQLuWodrnpPBuL8Q0N1E=
github.com/stretchr/testify v0.0.0-20171231124224-87b1dfb5b2fa/go.mod h1:a8OnRcib4nhh0OaRAV+Yts87kKdq0PP7pXfy6kDkUVs=
